
Microsoft Visual Studio Solution File, Format Version 12.00
# Visual Studio 15
VisualStudioVersion = 15.0.28307.1000
MinimumVisualStudioVersion = 10.0.40219.1
Project("{2150E333-8FDC-42A3-9474-1A3956D46DE8}") = "1 - UI", "1 - UI", "{AC9A9B75-2366-4BFD-9D60-886E3C2A2BEA}"
EndProject
Project("{2150E333-8FDC-42A3-9474-1A3956D46DE8}") = "2 -Cqrs", "2 -Cqrs", "{BB93D915-815F-4CB2-97C9-9304B93400D4}"
EndProject
Project("{2150E333-8FDC-42A3-9474-1A3956D46DE8}") = "3 - Domain", "3 - Domain", "{F1C1B95E-37D0-414F-A48C-ADCF0122E7E5}"
EndProject
Project("{2150E333-8FDC-42A3-9474-1A3956D46DE8}") = "4 - Infra", "4 - Infra", "{C2E61EAD-8671-4DA5-B891-963494FCF724}"
EndProject
Project("{FAE04EC0-301F-11D3-BF4B-00C04F79EFBC}") = "Arch.Domain", "src\Arch.Domain\Arch.Domain.csproj", "{D2F40500-C894-45A1-9A5B-71CE98043192}"
EndProject
Project("{FAE04EC0-301F-11D3-BF4B-00C04F79EFBC}") = "Arch.Infra.Data", "src\Arch.Infra.Data\Arch.Infra.Data.csproj", "{D56A02F1-DD69-4AFC-ADD5-922A8083CAEF}"
EndProject
Project("{FAE04EC0-301F-11D3-BF4B-00C04F79EFBC}") = "Arch.Infra.Shared", "src\Arch.Infra.Shared\Arch.Infra.Shared.csproj", "{D19D0EA1-B0A2-41D7-8414-510BE529D7E9}"
EndProject
Project("{FAE04EC0-301F-11D3-BF4B-00C04F79EFBC}") = "Arch.Mvc", "src\Arch.Mvc\Arch.Mvc.csproj", "{20838696-CD5F-4619-8FC8-7F566300B9BE}"
EndProject
Project("{FAE04EC0-301F-11D3-BF4B-00C04F79EFBC}") = "Arch.CqrsClient", "src\Arch.CqrsClient\Arch.CqrsClient.csproj", "{B702F17E-A8AB-4C8A-9246-D8FF4205B06E}"
EndProject
Project("{FAE04EC0-301F-11D3-BF4B-00C04F79EFBC}") = "Arch.CqrsHandlers", "src\Arch.CqrsHandlers\Arch.CqrsHandlers.csproj", "{5435EA87-7775-497B-8203-F0F353DE107F}"
EndProject
Project("{FAE04EC0-301F-11D3-BF4B-00C04F79EFBC}") = "Arch.Infra.IoC", "src\Arch.Infra.IoC\Arch.Infra.IoC.csproj", "{9A34FB00-6AF4-4413-9CF2-3D274E7596DE}"
EndProject
Global
	GlobalSection(SolutionConfigurationPlatforms) = preSolution
		Debug|Any CPU = Debug|Any CPU
		Release|Any CPU = Release|Any CPU
	EndGlobalSection
	GlobalSection(ProjectConfigurationPlatforms) = postSolution
		{D2F40500-C894-45A1-9A5B-71CE98043192}.Debug|Any CPU.ActiveCfg = Debug|Any CPU
		{D2F40500-C894-45A1-9A5B-71CE98043192}.Debug|Any CPU.Build.0 = Debug|Any CPU
		{D2F40500-C894-45A1-9A5B-71CE98043192}.Release|Any CPU.ActiveCfg = Release|Any CPU
		{D2F40500-C894-45A1-9A5B-71CE98043192}.Release|Any CPU.Build.0 = Release|Any CPU
		{D56A02F1-DD69-4AFC-ADD5-922A8083CAEF}.Debug|Any CPU.ActiveCfg = Debug|Any CPU
		{D56A02F1-DD69-4AFC-ADD5-922A8083CAEF}.Debug|Any CPU.Build.0 = Debug|Any CPU
		{D56A02F1-DD69-4AFC-ADD5-922A8083CAEF}.Release|Any CPU.ActiveCfg = Release|Any CPU
		{D56A02F1-DD69-4AFC-ADD5-922A8083CAEF}.Release|Any CPU.Build.0 = Release|Any CPU
		{D19D0EA1-B0A2-41D7-8414-510BE529D7E9}.Debug|Any CPU.ActiveCfg = Debug|Any CPU
		{D19D0EA1-B0A2-41D7-8414-510BE529D7E9}.Debug|Any CPU.Build.0 = Debug|Any CPU
		{D19D0EA1-B0A2-41D7-8414-510BE529D7E9}.Release|Any CPU.ActiveCfg = Release|Any CPU
		{D19D0EA1-B0A2-41D7-8414-510BE529D7E9}.Release|Any CPU.Build.0 = Release|Any CPU
		{20838696-CD5F-4619-8FC8-7F566300B9BE}.Debug|Any CPU.ActiveCfg = Debug|Any CPU
		{20838696-CD5F-4619-8FC8-7F566300B9BE}.Debug|Any CPU.Build.0 = Debug|Any CPU
		{20838696-CD5F-4619-8FC8-7F566300B9BE}.Release|Any CPU.ActiveCfg = Release|Any CPU
		{20838696-CD5F-4619-8FC8-7F566300B9BE}.Release|Any CPU.Build.0 = Release|Any CPU
		{B702F17E-A8AB-4C8A-9246-D8FF4205B06E}.Debug|Any CPU.ActiveCfg = Debug|Any CPU
		{B702F17E-A8AB-4C8A-9246-D8FF4205B06E}.Debug|Any CPU.Build.0 = Debug|Any CPU
		{B702F17E-A8AB-4C8A-9246-D8FF4205B06E}.Release|Any CPU.ActiveCfg = Release|Any CPU
		{B702F17E-A8AB-4C8A-9246-D8FF4205B06E}.Release|Any CPU.Build.0 = Release|Any CPU
		{5435EA87-7775-497B-8203-F0F353DE107F}.Debug|Any CPU.ActiveCfg = Debug|Any CPU
		{5435EA87-7775-497B-8203-F0F353DE107F}.Debug|Any CPU.Build.0 = Debug|Any CPU
		{5435EA87-7775-497B-8203-F0F353DE107F}.Release|Any CPU.ActiveCfg = Release|Any CPU
		{5435EA87-7775-497B-8203-F0F353DE107F}.Release|Any CPU.Build.0 = Release|Any CPU
		{9A34FB00-6AF4-4413-9CF2-3D274E7596DE}.Debug|Any CPU.ActiveCfg = Debug|Any CPU
		{9A34FB00-6AF4-4413-9CF2-3D274E7596DE}.Debug|Any CPU.Build.0 = Debug|Any CPU
		{9A34FB00-6AF4-4413-9CF2-3D274E7596DE}.Release|Any CPU.ActiveCfg = Release|Any CPU
		{9A34FB00-6AF4-4413-9CF2-3D274E7596DE}.Release|Any CPU.Build.0 = Release|Any CPU
	EndGlobalSection
	GlobalSection(SolutionProperties) = preSolution
		HideSolutionNode = FALSE
	EndGlobalSection
	GlobalSection(NestedProjects) = preSolution
		{D2F40500-C894-45A1-9A5B-71CE98043192} = {F1C1B95E-37D0-414F-A48C-ADCF0122E7E5}
		{D56A02F1-DD69-4AFC-ADD5-922A8083CAEF} = {C2E61EAD-8671-4DA5-B891-963494FCF724}
		{D19D0EA1-B0A2-41D7-8414-510BE529D7E9} = {C2E61EAD-8671-4DA5-B891-963494FCF724}
		{20838696-CD5F-4619-8FC8-7F566300B9BE} = {AC9A9B75-2366-4BFD-9D60-886E3C2A2BEA}
		{B702F17E-A8AB-4C8A-9246-D8FF4205B06E} = {BB93D915-815F-4CB2-97C9-9304B93400D4}
		{5435EA87-7775-497B-8203-F0F353DE107F} = {BB93D915-815F-4CB2-97C9-9304B93400D4}
		{9A34FB00-6AF4-4413-9CF2-3D274E7596DE} = {C2E61EAD-8671-4DA5-B891-963494FCF724}
	EndGlobalSection
	GlobalSection(ExtensibilityGlobals) = postSolution
		SolutionGuid = {E887BB9A-4D54-42FB-9A14-F572AFE18DC8}
	EndGlobalSection
EndGlobal
